{
  "object": {
    "pins": [
      {
        "package": "CwlCatchException",
        "repositoryURL": "https://github.com/mattgallagher/CwlCatchException.git",
        "state": {
          "branch": null,
          "revision": "3b123999de19bf04905bc1dfdb76f817b0f2cc00",
          "version": "2.1.2"
        }
      },
      {
        "package": "CwlPreconditionTesting",
        "repositoryURL": "https://github.com/mattgallagher/CwlPreconditionTesting.git",
        "state": {
          "branch": null,
          "revision": "a23ded2c91df9156628a6996ab4f347526f17b6b",
          "version": "2.1.2"
        }
      },
      {
        "package": "Nimble",
        "repositoryURL": "https://github.com/Quick/Nimble.git",
        "state": {
          "branch": null,
          "revision": "7a54aaf19a8ef16f67787c260fda81ead7ba4d67",
          "version": "9.0.1"
        }
      },
      {
        "package": "Quick",
        "repositoryURL": "https://github.com/Quick/Quick.git",
        "state": {
          "branch": null,
          "revision": "71c90eda2ab14b2110b22222d4b373163126561c",
          "version": "3.0.1"
        }
      }
    ]
  },
  "version": 1
}
